<Solution>
  <Project Path="BurstroyMonitoring.Data/BurstroyMonitoring.Data.csproj" />
  <Project Path="BurstroyMonitoring.TCM/BurstroyMonitoring.TCM.csproj" />
  <Project Path="BurstroyMonitoring.Worker/BurstroyMonitoring.Worker.csproj" />
  <Project Path="BurstroyMonitoring.VideoMonitoring/BurstroyMonitoring.VideoMonitoring.csproj" />
  <!-- <Project Path="BurstroyMonitoring.Api/BurstroyMonitoring.Api.csproj" /> -->
</Solution>